
Microsoft Visual Studio Solution File, Format Version 12.00
# Visual Studio Version 16
VisualStudioVersion = 16.0.31321.278
MinimumVisualStudioVersion = 10.0.40219.1
Project("{9A19103F-16F7-4668-BE54-9A1E7A4F7556}") = "KingFashionWeb", "KingFashionWeb\KingFashionWeb.csproj", "{1B87AE2F-A0E2-4C2B-9C78-9D52379E91A2}"
EndProject
Project("{FAE04EC0-301F-11D3-BF4B-00C04F79EFBC}") = "ConsoleApp1", "ConsoleApp1\ConsoleApp1.csproj", "{DE60C651-2D68-4136-82C4-87101404C73D}"
EndProject
Global
	GlobalSection(SolutionConfigurationPlatforms) = preSolution
		Debug|Any CPU = Debug|Any CPU
		Release|Any CPU = Release|Any CPU
	EndGlobalSection
	GlobalSection(ProjectConfigurationPlatforms) = postSolution
		{1B87AE2F-A0E2-4C2B-9C78-9D52379E91A2}.Debug|Any CPU.ActiveCfg = Debug|Any CPU
		{1B87AE2F-A0E2-4C2B-9C78-9D52379E91A2}.Debug|Any CPU.Build.0 = Debug|Any CPU
		{1B87AE2F-A0E2-4C2B-9C78-9D52379E91A2}.Release|Any CPU.ActiveCfg = Release|Any CPU
		{1B87AE2F-A0E2-4C2B-9C78-9D52379E91A2}.Release|Any CPU.Build.0 = Release|Any CPU
		{DE60C651-2D68-4136-82C4-87101404C73D}.Debug|Any CPU.ActiveCfg = Debug|Any CPU
		{DE60C651-2D68-4136-82C4-87101404C73D}.Debug|Any CPU.Build.0 = Debug|Any CPU
		{DE60C651-2D68-4136-82C4-87101404C73D}.Release|Any CPU.ActiveCfg = Release|Any CPU
		{DE60C651-2D68-4136-82C4-87101404C73D}.Release|Any CPU.Build.0 = Release|Any CPU
	EndGlobalSection
	GlobalSection(SolutionProperties) = preSolution
		HideSolutionNode = FALSE
	EndGlobalSection
	GlobalSection(ExtensibilityGlobals) = postSolution
		SolutionGuid = {A0E764BF-9310-44D1-B6E3-EA645F03B132}
	EndGlobalSection
EndGlobal
